
Microsoft Visual Studio Solution File, Format Version 12.00
# Visual Studio Version 17
VisualStudioVersion = 17.1.32421.90
MinimumVisualStudioVersion = 10.0.40219.1
Project("{9A19103F-16F7-4668-BE54-9A1E7A4F7556}") = "TerraformPluginDotNet", "TerraformPluginDotNet\TerraformPluginDotNet.csproj", "{970720D7-EB60-4FED-B018-1FB4D3BE6476}"
EndProject
Project("{2150E333-8FDC-42A3-9474-1A3956D46DE8}") = "Solution Items", "Solution Items", "{6C058BAB-F093-4BC1-A3B5-64E3CD34080E}"
	ProjectSection(SolutionItems) = preProject
		.editorconfig = .editorconfig
	EndProjectSection
EndProject
Project("{2150E333-8FDC-42A3-9474-1A3956D46DE8}") = "samples", "samples", "{50C52917-AE5D-4F53-BA93-092CB6D76025}"
EndProject
Project("{9A19103F-16F7-4668-BE54-9A1E7A4F7556}") = "TerraformPluginDotNet.Test", "TerraformPluginDotNet.Test\TerraformPluginDotNet.Test.csproj", "{EE43AB61-09E2-4464-835E-C52D35AC4CB3}"
EndProject
Project("{9A19103F-16F7-4668-BE54-9A1E7A4F7556}") = "SampleProvider", "samples\SampleProvider\SampleProvider\SampleProvider.csproj", "{BA1A484A-E4B4-4D8C-8BF5-99B55F69A3FA}"
EndProject
Project("{9A19103F-16F7-4668-BE54-9A1E7A4F7556}") = "SampleProvider.Test", "samples\SampleProvider\SampleProvider.Test\SampleProvider.Test.csproj", "{1A658183-230D-4CED-A410-A088ADA43945}"
EndProject
Project("{9A19103F-16F7-4668-BE54-9A1E7A4F7556}") = "TerraformPluginDotNet.Testing", "TerraformPluginDotNet.Testing\TerraformPluginDotNet.Testing.csproj", "{0168B353-B5D4-45DF-8372-5BBEE1B6A6C4}"
EndProject
Project("{9A19103F-16F7-4668-BE54-9A1E7A4F7556}") = "SchemaUpgrade", "samples\SchemaUpgrade\SchemaUpgrade\SchemaUpgrade.csproj", "{0FC32FFB-42DA-493A-AEF3-69A82E743237}"
EndProject
Project("{9A19103F-16F7-4668-BE54-9A1E7A4F7556}") = "SchemaUpgrade.Test", "samples\SchemaUpgrade\SchemaUpgrade.Test\SchemaUpgrade.Test.csproj", "{7FF7611C-FB28-476E-B821-B0AC97DFA5F8}"
EndProject
Global
	GlobalSection(SolutionConfigurationPlatforms) = preSolution
		Debug|Any CPU = Debug|Any CPU
		Release|Any CPU = Release|Any CPU
	EndGlobalSection
	GlobalSection(ProjectConfigurationPlatforms) = postSolution
		{970720D7-EB60-4FED-B018-1FB4D3BE6476}.Debug|Any CPU.ActiveCfg = Debug|Any CPU
		{970720D7-EB60-4FED-B018-1FB4D3BE6476}.Debug|Any CPU.Build.0 = Debug|Any CPU
		{970720D7-EB60-4FED-B018-1FB4D3BE6476}.Release|Any CPU.ActiveCfg = Release|Any CPU
		{970720D7-EB60-4FED-B018-1FB4D3BE6476}.Release|Any CPU.Build.0 = Release|Any CPU
		{EE43AB61-09E2-4464-835E-C52D35AC4CB3}.Debug|Any CPU.ActiveCfg = Debug|Any CPU
		{EE43AB61-09E2-4464-835E-C52D35AC4CB3}.Debug|Any CPU.Build.0 = Debug|Any CPU
		{EE43AB61-09E2-4464-835E-C52D35AC4CB3}.Release|Any CPU.ActiveCfg = Release|Any CPU
		{EE43AB61-09E2-4464-835E-C52D35AC4CB3}.Release|Any CPU.Build.0 = Release|Any CPU
		{BA1A484A-E4B4-4D8C-8BF5-99B55F69A3FA}.Debug|Any CPU.ActiveCfg = Debug|Any CPU
		{BA1A484A-E4B4-4D8C-8BF5-99B55F69A3FA}.Debug|Any CPU.Build.0 = Debug|Any CPU
		{BA1A484A-E4B4-4D8C-8BF5-99B55F69A3FA}.Release|Any CPU.ActiveCfg = Release|Any CPU
		{BA1A484A-E4B4-4D8C-8BF5-99B55F69A3FA}.Release|Any CPU.Build.0 = Release|Any CPU
		{1A658183-230D-4CED-A410-A088ADA43945}.Debug|Any CPU.ActiveCfg = Debug|Any CPU
		{1A658183-230D-4CED-A410-A088ADA43945}.Debug|Any CPU.Build.0 = Debug|Any CPU
		{1A658183-230D-4CED-A410-A088ADA43945}.Release|Any CPU.ActiveCfg = Release|Any CPU
		{1A658183-230D-4CED-A410-A088ADA43945}.Release|Any CPU.Build.0 = Release|Any CPU
		{0168B353-B5D4-45DF-8372-5BBEE1B6A6C4}.Debug|Any CPU.ActiveCfg = Debug|Any CPU
		{0168B353-B5D4-45DF-8372-5BBEE1B6A6C4}.Debug|Any CPU.Build.0 = Debug|Any CPU
		{0168B353-B5D4-45DF-8372-5BBEE1B6A6C4}.Release|Any CPU.ActiveCfg = Release|Any CPU
		{0168B353-B5D4-45DF-8372-5BBEE1B6A6C4}.Release|Any CPU.Build.0 = Release|Any CPU
		{0FC32FFB-42DA-493A-AEF3-69A82E743237}.Debug|Any CPU.ActiveCfg = Debug|Any CPU
		{0FC32FFB-42DA-493A-AEF3-69A82E743237}.Debug|Any CPU.Build.0 = Debug|Any CPU
		{0FC32FFB-42DA-493A-AEF3-69A82E743237}.Release|Any CPU.ActiveCfg = Release|Any CPU
		{0FC32FFB-42DA-493A-AEF3-69A82E743237}.Release|Any CPU.Build.0 = Release|Any CPU
		{7FF7611C-FB28-476E-B821-B0AC97DFA5F8}.Debug|Any CPU.ActiveCfg = Debug|Any CPU
		{7FF7611C-FB28-476E-B821-B0AC97DFA5F8}.Debug|Any CPU.Build.0 = Debug|Any CPU
		{7FF7611C-FB28-476E-B821-B0AC97DFA5F8}.Release|Any CPU.ActiveCfg = Release|Any CPU
		{7FF7611C-FB28-476E-B821-B0AC97DFA5F8}.Release|Any CPU.Build.0 = Release|Any CPU
	EndGlobalSection
	GlobalSection(SolutionProperties) = preSolution
		HideSolutionNode = FALSE
	EndGlobalSection
	GlobalSection(NestedProjects) = preSolution
		{BA1A484A-E4B4-4D8C-8BF5-99B55F69A3FA} = {50C52917-AE5D-4F53-BA93-092CB6D76025}
		{1A658183-230D-4CED-A410-A088ADA43945} = {50C52917-AE5D-4F53-BA93-092CB6D76025}
		{0FC32FFB-42DA-493A-AEF3-69A82E743237} = {50C52917-AE5D-4F53-BA93-092CB6D76025}
		{7FF7611C-FB28-476E-B821-B0AC97DFA5F8} = {50C52917-AE5D-4F53-BA93-092CB6D76025}
	EndGlobalSection
	GlobalSection(ExtensibilityGlobals) = postSolution
		SolutionGuid = {6F7700C3-5F6B-4D22-A507-A2EA099D993D}
	EndGlobalSection
EndGlobal
